// !$*UTF8*$!
{
	archiveVersion = 1;
	classes = {
	};
	objectVersion = 50;
	objects = {

/* Begin PBXBuildFile section */
		17026E6A21BAC09A003C4511 /* AppDelegate.swift in Sources */ = {isa = PBXBuildFile; fileRef = 17026E6921BAC09A003C4511 /* AppDelegate.swift */; };
		17026E6C21BAC09A003C4511 /* ViewController.swift in Sources */ = {isa = PBXBuildFile; fileRef = 17026E6B21BAC09A003C4511 /* ViewController.swift */; };
		17026E6F21BAC09A003C4511 /* Main.storyboard in Resources */ = {isa = PBXBuildFile; fileRef = 17026E6D21BAC09A003C4511 /* Main.storyboard */; };
		17026E7121BAC09C003C4511 /* Assets.xcassets in Resources */ = {isa = PBXBuildFile; fileRef = 17026E7021BAC09C003C4511 /* Assets.xcassets */; };
		17026E7421BAC09C003C4511 /* LaunchScreen.storyboard in Resources */ = {isa = PBXBuildFile; fileRef = 17026E7221BAC09C003C4511 /* LaunchScreen.storyboard */; };
		178983F821BC4D7F00AF008F /* detailviewViewController.swift in Sources */ = {isa = PBXBuildFile; fileRef = 178983F721BC4D7F00AF008F /* detailviewViewController.swift */; };
/* End PBXBuildFile section */

/* Begin PBXFileReference section */
		17026E6621BAC09A003C4511 /* Landmark Book.app */ = {isa = PBXFileReference; explicitFileType = wrapper.application; includeInIndex = 0; path = "Landmark Book.app"; sourceTree = BUILT_PRODUCTS_DIR; };
		17026E6921BAC09A003C4511 /* AppDelegate.swift */ = {isa = PBXFileReference; lastKnownFileType = sourcecode.swift; path = AppDelegate.swift; sourceTree = "<group>"; };
		17026E6B21BAC09A003C4511 /* ViewController.swift */ = {isa = PBXFileReference; lastKnownFileType = sourcecode.swift; path = ViewController.swift; sourceTree = "<group>"; };
		17026E6E21BAC09A003C4511 /* Base */ = {isa = PBXFileReference; lastKnownFileType = file.storyboard; name = Base; path = Base.lproj/Main.storyboard; sourceTree = "<group>"; };
		17026E7021BAC09C003C4511 /* Assets.xcassets */ = {isa = PBXFileReference; lastKnownFileType = folder.assetcatalog; path = Assets.xcassets; sourceTree = "<group>"; };
		17026E7321BAC09C003C4511 /* Base */ = {isa = PBXFileReference; lastKnownFileType = file.storyboard; name = Base; path = Base.lproj/LaunchScreen.storyboard; sourceTree = "<group>"; };
		17026E7521BAC09C003C4511 /* Info.plist */ = {isa = PBXFileReference; lastKnownFileType = text.plist.xml; path = Info.plist; sourceTree = "<group>"; };
		178983F721BC4D7F00AF008F /* detailviewViewController.swift */ = {isa = PBXFileReference; lastKnownFileType = sourcecode.swift; path = detailviewViewController.swift; sourceTree = "<group>"; };
/* End PBXFileReference section */

/* Begin PBXFrameworksBuildPhase section */
		17026E6321BAC09A003C4511 /* Frameworks */ = {
			isa = PBXFrameworksBuildPhase;
			buildActionMask = 2147483647;
			files = (
			);
			runOnlyForDeploymentPostprocessing = 0;
		};
/* End PBXFrameworksBuildPhase section */

/* Begin PBXGroup section */
		17026E5D21BAC09A003C4511 = {
			isa = PBXGroup;
			children = (
				17026E6821BAC09A003C4511 /* Landmark Book */,
				17026E6721BAC09A003C4511 /* Products */,
			);
			sourceTree = "<group>";
		};
		17026E6721BAC09A003C4511 /* Products */ = {
			isa = PBXGroup;
			children = (
				17026E6621BAC09A003C4511 /* Landmark Book.app */,
			);
			name = Products;
			sourceTree = "<group>";
		};
		17026E6821BAC09A003C4511 /* Landmark Book */ = {
			isa = PBXGroup;
			children = (
				17026E6921BAC09A003C4511 /* AppDelegate.swift */,
				17026E6B21BAC09A003C4511 /* ViewController.swift */,
				178983F721BC4D7F00AF008F /* detailviewViewController.swift */,
				17026E6D21BAC09A003C4511 /* Main.storyboard */,
				17026E7021BAC09C003C4511 /* Assets.xcassets */,
				17026E7221BAC09C003C4511 /* LaunchScreen.storyboard */,
				17026E7521BAC09C003C4511 /* Info.plist */,
			);
			path = "Landmark Book";
			sourceTree = "<group>";
		};
/* End PBXGroup section */

/* Begin PBXNativeTarget section */
		17026E6521BAC09A003C4511 /* Landmark Book */ = {
			isa = PBXNativeTarget;
			buildConfigurationList = 17026E7821BAC09C003C4511 /* Build configuration list for PBXNativeTarget "Landmark Book" */;
			buildPhases = (
				17026E6221BAC09A003C4511 /* Sources */,
				17026E6321BAC09A003C4511 /* Frameworks */,
				17026E6421BAC09A003C4511 /* Resources */,
			);
			buildRules = (
			);
			dependencies = (
			);
			name = "Landmark Book";
			productName = "Landmark Book";
			productReference = 17026E6621BAC09A003C4511 /* Landmark Book.app */;
			productType = "com.apple.product-type.application";
		};
/* End PBXNativeTarget section */

/* Begin PBXProject section */
		17026E5E21BAC09A003C4511 /* Project object */ = {
			isa = PBXProject;
			attributes = {
				LastSwiftUpdateCheck = 1010;
				LastUpgradeCheck = 1010;
				ORGANIZATIONNAME = "Omer Varoglu";
				TargetAttributes = {
					17026E6521BAC09A003C4511 = {
						CreatedOnToolsVersion = 10.1;
					};
				};
			};
			buildConfigurationList = 17026E6121BAC09A003C4511 /* Build configuration list for PBXProject "Landmark Book" */;
			compatibilityVersion = "Xcode 9.3";
			developmentRegion = en;
			hasScannedForEncodings = 0;
			knownRegions = (
				en,
				Base,
			);
			mainGroup = 17026E5D21BAC09A003C4511;
			productRefGroup = 17026E6721BAC09A003C4511 /* Products */;
			projectDirPath = "";
			projectRoot = "";
			targets = (
				17026E6521BAC09A003C4511 /* Landmark Book */,
			);
		};
/* End PBXProject section */

/* Begin PBXResourcesBuildPhase section */
		17026E6421BAC09A003C4511 /* Resources */ = {
			isa = PBXResourcesBuildPhase;
			buildActionMask = 2147483647;
			files = (
				17026E7421BAC09C003C4511 /* LaunchScreen.storyboard in Resources */,
				17026E7121BAC09C003C4511 /* Assets.xcassets in Resources */,
				17026E6F21BAC09A003C4511 /* Main.storyboard in Resources */,
			);
			runOnlyForDeploymentPostprocessing = 0;
		};
/* End PBXResourcesBuildPhase section */

/* Begin PBXSourcesBuildPhase section */
		17026E6221BAC09A003C4511 /* Sources */ = {
			isa = PBXSourcesBuildPhase;
			buildActionMask = 2147483647;
			files = (
				17026E6C21BAC09A003C4511 /* ViewController.swift in Sources */,
				178983F821BC4D7F00AF008F /* detailviewViewController.swift in Sources */,
				17026E6A21BAC09A003C4511 /* AppDelegate.swift in Sources */,
			);
			runOnlyForDeploymentPostprocessing = 0;
		};
/* End PBXSourcesBuildPhase section */

/* Begin PBXVariantGroup section */
		17026E6D21BAC09A003C4511 /* Main.storyboard */ = {
			isa = PBXVariantGroup;
			children = (
				17026E6E21BAC09A003C4511 /* Base */,
			);
			name = Main.storyboard;
			sourceTree = "<group>";
		};
		17026E7221BAC09C003C4511 /* LaunchScreen.storyboard */ = {
			isa = PBXVariantGroup;
			children = (
				17026E7321BAC09C003C4511 /* Base */,
			);
			name = LaunchScreen.storyboard;
			sourceTree = "<group>";
		};
/* End PBXVariantGroup section */

/* Begin XCBuildConfiguration section */
		17026E7621BAC09C003C4511 /* Debug */ = {
			isa = XCBuildConfiguration;
			buildSettings = {
				ALWAYS_SEARCH_USER_PATHS = NO;
				CLANG_ANALYZER_NONNULL = YES;
				CLANG_ANALYZER_NUMBER_OBJECT_CONVERSION = YES_AGGRESSIVE;
				CLANG_CXX_LANGUAGE_STANDARD = "gnu++14";
				CLANG_CXX_LIBRARY = "libc++";
				CLANG_ENABLE_MODULES = YES;
				CLANG_ENABLE_OBJC_ARC = YES;
				CLANG_ENABLE_OBJC_WEAK = YES;
				CLANG_WARN_BLOCK_CAPTURE_AUTORELEASING = YES;
				CLANG_WARN_BOOL_CONVERSION = YES;
				CLANG_WARN_COMMA = YES;
				CLANG_WARN_CONSTANT_CONVERSION = YES;
				CLANG_WARN_DEPRECATED_OBJC_IMPLEMENTATIONS = YES;
				CLANG_WARN_DIRECT_OBJC_ISA_USAGE = YES_ERROR;
				CLANG_WARN_DOCUMENTATION_COMMENTS = YES;
				CLANG_WARN_EMPTY_BODY = YES;
				CLANG_WARN_ENUM_CONVERSION = YES;
				CLANG_WARN_INFINITE_RECURSION = YES;
				CLANG_WARN_INT_CONVERSION = YES;
				CLANG_WARN_NON_LITERAL_NULL_CONVERSION = YES;
				CLANG_WARN_OBJC_IMPLICIT_RETAIN_SELF = YES;
				CLANG_WARN_OBJC_LITERAL_CONVERSION = YES;
				CLANG_WARN_OBJC_ROOT_CLASS = YES_ERROR;
				CLANG_WARN_RANGE_LOOP_ANALYSIS = YES;
				CLANG_WARN_STRICT_PROTOTYPES = YES;
				CLANG_WARN_SUSPICIOUS_MOVE = YES;
				CLANG_WARN_UNGUARDED_AVAILABILITY = YES_AGGRESSIVE;
				CLANG_WARN_UNREACHABLE_CODE = YES;
				CLANG_WARN__DUPLICATE_METHOD_MATCH = YES;
				CODE_SIGN_IDENTITY = "iPhone Developer";
				COPY_PHASE_STRIP = NO;
				DEBUG_INFORMATION_FORMAT = dwarf;
				ENABLE_STRICT_OBJC_MSGSEND = YES;
				ENABLE_TESTABILITY = YES;
				GCC_C_LANGUAGE_STANDARD = gnu11;
				GCC_DYNAMIC_NO_PIC = NO;
				GCC_NO_COMMON_BLOCKS = YES;
				GCC_OPTIMIZATION_LEVEL = 0;
				GCC_PREPROCESSOR_DEFINITIONS = (
					"DEBUG=1",
					"$(inherited)",
				);
				GCC_WARN_64_TO_32_BIT_CONVERSION = YES;
				GCC_WARN_ABOUT_RETURN_TYPE = YES_ERROR;
				GCC_WARN_UNDECLARED_SELECTOR = YES;
				GCC_WARN_UNINITIALIZED_AUTOS = YES_AGGRESSIVE;
				GCC_WARN_UNUSED_FUNCTION = YES;
				GCC_WARN_UNUSED_VARIABLE = YES;
				IPHONEOS_DEPLOYMENT_TARGET = 12.1;
				MTL_ENABLE_DEBUG_INFO = INCLUDE_SOURCE;
				MTL_FAST_MATH = YES;
				ONLY_ACTIVE_ARCH = YES;
				SDKROOT = iphoneos;
				SWIFT_ACTIVE_COMPILATION_CONDITIONS = DEBUG;
				SWIFT_OPTIMIZATION_LEVEL = "-Onone";
			};
			name = Debug;
		};
		17026E7721BAC09C003C4511 /* Release */ = {
			isa = XCBuildConfiguration;
			buildSettings = {
				ALWAYS_SEARCH_USER_PATHS = NO;
				CLANG_ANALYZER_NONNULL = YES;
				CLANG_ANALYZER_NUMBER_OBJECT_CONVERSION = YES_AGGRESSIVE;
				CLANG_CXX_LANGUAGE_STANDARD = "gnu++14";
				CLANG_CXX_LIBRARY = "libc++";
				CLANG_ENABLE_MODULES = YES;
				CLANG_ENABLE_OBJC_ARC = YES;
				CLANG_ENABLE_OBJC_WEAK = YES;
				CLANG_WARN_BLOCK_CAPTURE_AUTORELEASING = YES;
				CLANG_WARN_BOOL_CONVERSION = YES;
				CLANG_WARN_COMMA = YES;
				CLANG_WARN_CONSTANT_CONVERSION = YES;
				CLANG_WARN_DEPRECATED_OBJC_IMPLEMENTATIONS = YES;
				CLANG_WARN_DIRECT_OBJC_ISA_USAGE = YES_ERROR;
				CLANG_WARN_DOCUMENTATION_COMMENTS = YES;
				CLANG_WARN_EMPTY_BODY = YES;
				CLANG_WARN_ENUM_CONVERSION = YES;
				CLANG_WARN_INFINITE_RECURSION = YES;
				CLANG_WARN_INT_CONVERSION = YES;
				CLANG_WARN_NON_LITERAL_NULL_CONVERSION = YES;
				CLANG_WARN_OBJC_IMPLICIT_RETAIN_SELF = YES;
				CLANG_WARN_OBJC_LITERAL_CONVERSION = YES;
				CLANG_WARN_OBJC_ROOT_CLASS = YES_ERROR;
				CLANG_WARN_RANGE_LOOP_ANALYSIS = YES;
				CLANG_WARN_STRICT_PROTOTYPES = YES;
				CLANG_WARN_SUSPICIOUS_MOVE = YES;
				CLANG_WARN_UNGUARDED_AVAILABILITY = YES_AGGRESSIVE;
				CLANG_WARN_UNREACHABLE_CODE = YES;
				CLANG_WARN__DUPLICATE_METHOD_MATCH = YES;
				CODE_SIGN_IDENTITY = "iPhone Developer";
				COPY_PHASE_STRIP = NO;
				DEBUG_INFORMATION_FORMAT = "dwarf-with-dsym";
				ENABLE_NS_ASSERTIONS = NO;
				ENABLE_STRICT_OBJC_MSGSEND = YES;
				GCC_C_LANGUAGE_STANDARD = gnu11;
				GCC_NO_COMMON_BLOCKS = YES;
				GCC_WARN_64_TO_32_BIT_CONVERSION = YES;
				GCC_WARN_ABOUT_RETURN_TYPE = YES_ERROR;
				GCC_WARN_UNDECLARED_SELECTOR = YES;
				GCC_WARN_UNINITIALIZED_AUTOS = YES_AGGRESSIVE;
				GCC_WARN_UNUSED_FUNCTION = YES;
				GCC_WARN_UNUSED_VARIABLE = YES;
				IPHONEOS_DEPLOYMENT_TARGET = 12.1;
				MTL_ENABLE_DEBUG_INFO = NO;
				MTL_FAST_MATH = YES;
				SDKROOT = iphoneos;
				SWIFT_COMPILATION_MODE = wholemodule;
				SWIFT_OPTIMIZATION_LEVEL = "-O";
				VALIDATE_PRODUCT = YES;
			};
			name = Release;
		};
		17026E7921BAC09C003C4511 /* Debug */ = {
			isa = XCBuildConfiguration;
			buildSettings = {
				ASSETCATALOG_COMPILER_APPICON_NAME = AppIcon;
				CODE_SIGN_STYLE = Automatic;
				DEVELOPMENT_TEAM = PR952S746H;
				INFOPLIST_FILE = "Landmark Book/Info.plist";
				LD_RUNPATH_SEARCH_PATHS = (
					"$(inherited)",
					"@executable_path/Frameworks",
				);
				PRODUCT_BUNDLE_IDENTIFIER = "com.omervaroglu.Landmark-Book";
				PRODUCT_NAME = "$(TARGET_NAME)";
				SWIFT_VERSION = 4.2;
				TARGETED_DEVICE_FAMILY = "1,2";
			};
			name = Debug;
		};
		17026E7A21BAC09C003C4511 /* Release */ = {
			isa = XCBuildConfiguration;
			buildSettings = {
				ASSETCATALOG_COMPILER_APPICON_NAME = AppIcon;
				CODE_SIGN_STYLE = Automatic;
				DEVELOPMENT_TEAM = PR952S746H;
				INFOPLIST_FILE = "Landmark Book/Info.plist";
				LD_RUNPATH_SEARCH_PATHS = (
					"$(inherited)",
					"@executable_path/Frameworks",
				);
				PRODUCT_BUNDLE_IDENTIFIER = "com.omervaroglu.Landmark-Book";
				PRODUCT_NAME = "$(TARGET_NAME)";
				SWIFT_VERSION = 4.2;
				TARGETED_DEVICE_FAMILY = "1,2";
			};
			name = Release;
		};
/* End XCBuildConfiguration section */

/* Begin XCConfigurationList section */
		17026E6121BAC09A003C4511 /* Build configuration list for PBXProject "Landmark Book" */ = {
			isa = XCConfigurationList;
			buildConfigurations = (
				17026E7621BAC09C003C4511 /* Debug */,
				17026E7721BAC09C003C4511 /* Release */,
			);
			defaultConfigurationIsVisible = 0;
			defaultConfigurationName = Release;
		};
		17026E7821BAC09C003C4511 /* Build configuration list for PBXNativeTarget "Landmark Book" */ = {
			isa = XCConfigurationList;
			buildConfigurations = (
				17026E7921BAC09C003C4511 /* Debug */,
				17026E7A21BAC09C003C4511 /* Release */,
			);
			defaultConfigurationIsVisible = 0;
			defaultConfigurationName = Release;
		};
/* End XCConfigurationList section */
	};
	rootObject = 17026E5E21BAC09A003C4511 /* Project object */;
}
